# This file was autogenerated by Stack.
# You should not edit this file by hand.
# For more information, please see the documentation at:
#   https://docs.haskellstack.org/en/stable/lock_files

packages:
- completed:
    subdir: optics-core
    cabal-file:
      size: 4209
      sha256: a8d2712ce0b6ad687a8927be2a119db1c7aacff906c22d31b6b1f6732b195134
    name: optics-core
    version: '0.1'
    git: https://github.com/well-typed/optics.git
    pantry-tree:
      size: 5148
      sha256: a2cc85f40933bddcf17697c3702e083544d3280e95506ae110d102e5eea106c2
    commit: a29144984843e67215256c63155df7f201983d63
  original:
    subdir: optics-core
    git: https://github.com/well-typed/optics.git
    commit: a29144984843e67215256c63155df7f201983d63
- completed:
    subdir: optics-th
    cabal-file:
      size: 1661
      sha256: 4cd5e2abd6328d8509cc8a4ebac4a40950f66cd78b4af9b8555e34b5b1ff539f
    name: optics-th
    version: '0.1'
    git: https://github.com/well-typed/optics.git
    pantry-tree:
      size: 601
      sha256: da618eed59618e3f96e0a30e883e12f4f2128f9365cab68b219db5f523473e38
    commit: a29144984843e67215256c63155df7f201983d63
  original:
    subdir: optics-th
    git: https://github.com/well-typed/optics.git
    commit: a29144984843e67215256c63155df7f201983d63
snapshots:
- completed:
    size: 499889
    url: https://raw.githubusercontent.com/commercialhaskell/stackage-snapshots/master/lts/13/26.yaml
    sha256: ecb02ee16829df8d7219e7d7fe6c310819820bf335b0b9534bce84d3ea896684
  original: lts-13.26
